
Microsoft Visual Studio Solution File, Format Version 12.00
# Visual Studio Version 16
VisualStudioVersion = 16.0.810.16
MinimumVisualStudioVersion = 10.0.40219.1
Project("{FAE04EC0-301F-11D3-BF4B-00C04F79EFBC}") = "TimeManagement", "TimeManagement\TimeManagement.csproj", "{65FA1989-85E6-40C8-A622-8A95487C9F7B}"
EndProject
Project("{2150E333-8FDC-42A3-9474-1A3956D46DE8}") = "Solution Items", "Solution Items", "{BDAACE54-663E-4F24-8B6A-9698E3AF761F}"
	ProjectSection(SolutionItems) = preProject
		README.md = README.md
		CODEOWNERS = CODEOWNERS
		LICENCE = LICENCE
	EndProjectSection
EndProject
Project("{FAE04EC0-301F-11D3-BF4B-00C04F79EFBC}") = "Crypto", "Crypto\Crypto.csproj", "{4D423351-FA39-416D-85C6-EF7FFC0B0485}"
EndProject
Global
	GlobalSection(SolutionConfigurationPlatforms) = preSolution
		Debug|Any CPU = Debug|Any CPU
		Release|Any CPU = Release|Any CPU
	EndGlobalSection
	GlobalSection(ProjectConfigurationPlatforms) = postSolution
		{65FA1989-85E6-40C8-A622-8A95487C9F7B}.Debug|Any CPU.ActiveCfg = Debug|Any CPU
		{65FA1989-85E6-40C8-A622-8A95487C9F7B}.Debug|Any CPU.Build.0 = Debug|Any CPU
		{65FA1989-85E6-40C8-A622-8A95487C9F7B}.Release|Any CPU.ActiveCfg = Release|Any CPU
		{65FA1989-85E6-40C8-A622-8A95487C9F7B}.Release|Any CPU.Build.0 = Release|Any CPU
		{4D423351-FA39-416D-85C6-EF7FFC0B0485}.Debug|Any CPU.ActiveCfg = Debug|Any CPU
		{4D423351-FA39-416D-85C6-EF7FFC0B0485}.Debug|Any CPU.Build.0 = Debug|Any CPU
		{4D423351-FA39-416D-85C6-EF7FFC0B0485}.Release|Any CPU.ActiveCfg = Release|Any CPU
		{4D423351-FA39-416D-85C6-EF7FFC0B0485}.Release|Any CPU.Build.0 = Release|Any CPU
	EndGlobalSection
	GlobalSection(SolutionProperties) = preSolution
		HideSolutionNode = FALSE
	EndGlobalSection
	GlobalSection(ExtensibilityGlobals) = postSolution
		SolutionGuid = {EEDE04C7-7032-4622-B34A-2D912D81A8EA}
	EndGlobalSection
EndGlobal
